
Microsoft Visual Studio Solution File, Format Version 12.00
# Visual Studio 15
VisualStudioVersion = 15.0.27428.2005
MinimumVisualStudioVersion = 10.0.40219.1
Project("{FAE04EC0-301F-11D3-BF4B-00C04F79EFBC}") = "GTFS real-time loader", "ConsoleApp6\GTFS real-time loader.csproj", "{DA2FCFC0-29A5-45B9-99F7-90DC5603B380}"
EndProject
Global
	GlobalSection(SolutionConfigurationPlatforms) = preSolution
		Debug|Any CPU = Debug|Any CPU
		Release|Any CPU = Release|Any CPU
	EndGlobalSection
	GlobalSection(ProjectConfigurationPlatforms) = postSolution
		{DA2FCFC0-29A5-45B9-99F7-90DC5603B380}.Debug|Any CPU.ActiveCfg = Debug|Any CPU
		{DA2FCFC0-29A5-45B9-99F7-90DC5603B380}.Debug|Any CPU.Build.0 = Debug|Any CPU
		{DA2FCFC0-29A5-45B9-99F7-90DC5603B380}.Release|Any CPU.ActiveCfg = Release|Any CPU
		{DA2FCFC0-29A5-45B9-99F7-90DC5603B380}.Release|Any CPU.Build.0 = Release|Any CPU
	EndGlobalSection
	GlobalSection(SolutionProperties) = preSolution
		HideSolutionNode = FALSE
	EndGlobalSection
	GlobalSection(ExtensibilityGlobals) = postSolution
		SolutionGuid = {35E81104-E830-4A5D-B715-D5FA4406CC00}
	EndGlobalSection
EndGlobal
